{
  "name": "truffle-baby-steps",
  "version": "1.0.0",
  "lockfileVersion": 1,
  "requires": true,
  "dependencies": {
    "@types/chai": {
      "version": "4.1.4",
      "resolved": "https://registry.npmjs.org/@types/chai/-/chai-4.1.4.tgz",
      "integrity": "sha512-h6+VEw2Vr3ORiFCyyJmcho2zALnUq9cvdB/IO8Xs9itrJVCenC7o26A6+m7D0ihTTr65eS259H5/Ghl/VjYs6g==",
      "dev": true
    },
    "@types/fs-extra": {
      "version": "5.0.4",
      "resolved": "https://registry.npmjs.org/@types/fs-extra/-/fs-extra-5.0.4.tgz",
      "integrity": "sha512-DsknoBvD8s+RFfSGjmERJ7ZOP1HI0UZRA3FSI+Zakhrc/Gy26YQsLI+m5V5DHxroHRJqCDLKJp7Hixn8zyaF7g==",
      "dev": true,
      "requires": {
        "@types/node": "10.9.4"
      }
    },
    "@types/mocha": {
      "version": "5.2.5",
      "resolved": "https://registry.npmjs.org/@types/mocha/-/mocha-5.2.5.tgz",
      "integrity": "sha512-lAVp+Kj54ui/vLUFxsJTMtWvZraZxum3w3Nwkble2dNuV5VnPA+Mi2oGX9XYJAaIvZi3tn3cbjS/qcJXRb6Bww==",
      "dev": true
    },
    "@types/node": {
      "version": "10.9.4",
      "resolved": "https://registry.npmjs.org/@types/node/-/node-10.9.4.tgz",
      "integrity": "sha512-fCHV45gS+m3hH17zgkgADUSi2RR1Vht6wOZ0jyHP8rjiQra9f+mIcgwPQHllmDocYOstIEbKlxbFDYlgrTPYqw==",
      "dev": true
    },
    "bn.js": {
      "version": "4.11.8",
      "resolved": "https://registry.npmjs.org/bn.js/-/bn.js-4.11.8.tgz",
      "integrity": "sha512-ItfYfPLkWHUjckQCk8xC+LwxgK8NYcXywGigJgSwOP8Y2iyWT4f2vsZnoOXTTbo+o5yXmIUJ4gn5538SO5S3gA=="
    },
    "fs-extra": {
      "version": "7.0.0",
      "resolved": "https://registry.npmjs.org/fs-extra/-/fs-extra-7.0.0.tgz",
      "integrity": "sha512-EglNDLRpmaTWiD/qraZn6HREAEAHJcJOmxNEYwq6xeMKnVMAy3GUcFB+wXt2C6k4CNvB/mP1y/U3dzvKKj5OtQ==",
      "requires": {
        "graceful-fs": "4.1.11",
        "jsonfile": "4.0.0",
        "universalify": "0.1.2"
      }
    },
    "graceful-fs": {
      "version": "4.1.11",
      "resolved": "https://registry.npmjs.org/graceful-fs/-/graceful-fs-4.1.11.tgz",
      "integrity": "sha1-Dovf5NHduIVNZOBOp8AOKgJuVlg="
    },
    "jsonfile": {
      "version": "4.0.0",
      "resolved": "https://registry.npmjs.org/jsonfile/-/jsonfile-4.0.0.tgz",
      "integrity": "sha1-h3Gq4HmbZAdrdmQPygWPnBDjPss=",
      "requires": {
        "graceful-fs": "4.1.11"
      }
    },
    "truffle-typings": {
      "version": "1.0.3",
      "resolved": "https://registry.npmjs.org/truffle-typings/-/truffle-typings-1.0.3.tgz",
      "integrity": "sha512-h5lfPVIBRJNN0VzVIVaUb42csKcuoEstX6LzLgXmzg4a9DAxPmOR0CLeHIU/SyG/Ae1UPb/mEpfHiKQ2MAx1cQ==",
      "dev": true,
      "requires": {
        "@types/chai": "4.1.4",
        "@types/mocha": "5.2.5"
      }
    },
    "universalify": {
      "version": "0.1.2",
      "resolved": "https://registry.npmjs.org/universalify/-/universalify-0.1.2.tgz",
      "integrity": "sha512-rBJeI5CXAlmy1pV+617WB9J63U6XcazHHF2f2dbJix4XzpUF0RS3Zbj0FGIOCAva5P/d/GBOYaACQ1w+0azUkg=="
    }
  }
}
